
Microsoft Visual Studio Solution File, Format Version 12.00
# Visual Studio Version 16
VisualStudioVersion = 16.0.30225.117
MinimumVisualStudioVersion = 10.0.40219.1
Project("{FAE04EC0-301F-11D3-BF4B-00C04F79EFBC}") = "EmpresaMuchosAMuchos", "EmpresaMuchosAMuchos\EmpresaMuchosAMuchos.csproj", "{96882C22-2E9E-470A-A3E2-D3D10CFCBFD9}"
EndProject
Global
	GlobalSection(SolutionConfigurationPlatforms) = preSolution
		Debug|Any CPU = Debug|Any CPU
		Release|Any CPU = Release|Any CPU
	EndGlobalSection
	GlobalSection(ProjectConfigurationPlatforms) = postSolution
		{96882C22-2E9E-470A-A3E2-D3D10CFCBFD9}.Debug|Any CPU.ActiveCfg = Debug|Any CPU
		{96882C22-2E9E-470A-A3E2-D3D10CFCBFD9}.Debug|Any CPU.Build.0 = Debug|Any CPU
		{96882C22-2E9E-470A-A3E2-D3D10CFCBFD9}.Release|Any CPU.ActiveCfg = Release|Any CPU
		{96882C22-2E9E-470A-A3E2-D3D10CFCBFD9}.Release|Any CPU.Build.0 = Release|Any CPU
	EndGlobalSection
	GlobalSection(SolutionProperties) = preSolution
		HideSolutionNode = FALSE
	EndGlobalSection
	GlobalSection(ExtensibilityGlobals) = postSolution
		SolutionGuid = {633803BB-6192-4A87-A5F6-DC4A27EF7AAB}
	EndGlobalSection
EndGlobal
